# This file is generated by running "yarn install" inside your project.
# Manual changes might be lost - proceed with caution!

__metadata:
  version: 7
  cacheKey: 9

"@avwie/clean-architecture-poc@workspace:.":
  version: 0.0.0-use.local
  resolution: "@avwie/clean-architecture-poc@workspace:."
  dependencies:
    rimraf: "npm:^4.4.1"
    typescript: "npm:^5.0.2"
  languageName: unknown
  linkType: soft

"@avwie/features-soundfiles@workspace:packages/features/soundfiles":
  version: 0.0.0-use.local
  resolution: "@avwie/features-soundfiles@workspace:packages/features/soundfiles"
  dependencies:
    "@avwie/libraries-soundaware": "workspace:*"
  languageName: unknown
  linkType: soft

"@avwie/libraries-soundaware@workspace:*, @avwie/libraries-soundaware@workspace:packages/libraries/soundaware":
  version: 0.0.0-use.local
  resolution: "@avwie/libraries-soundaware@workspace:packages/libraries/soundaware"
  languageName: unknown
  linkType: soft

"balanced-match@npm:^1.0.0":
  version: 1.0.2
  resolution: "balanced-match@npm:1.0.2"
  checksum: 9ca7fca1845f06edbd8478e209a2e8eed5bb148a021719e77affeaf0c61e45af20279e4540a9f11942acc27c078fc132ff0ebc9c16a403033cff5af3d8199f40
  languageName: node
  linkType: hard

"brace-expansion@npm:^2.0.1":
  version: 2.0.1
  resolution: "brace-expansion@npm:2.0.1"
  dependencies:
    balanced-match: "npm:^1.0.0"
  checksum: 0f8d0d6a165d636fed93a7dd9321a5ae122cac9a672d8a9e01997e4ae09743cb3cbfb0a6e6b32303cda0f1f40617e2c0953f28f59a6f01d6d12c9698a3f0e41b
  languageName: node
  linkType: hard

"fs.realpath@npm:^1.0.0":
  version: 1.0.0
  resolution: "fs.realpath@npm:1.0.0"
  checksum: 477fb3547134ce67d71531a19b2597028d2efaeced56a2fcb125ba9994a4204685d256795e4a5b68e5d866d11d8d0dd9050937cb44037beb4caeb3acb75602e2
  languageName: node
  linkType: hard

"glob@npm:^9.2.0":
  version: 9.3.2
  resolution: "glob@npm:9.3.2"
  dependencies:
    fs.realpath: "npm:^1.0.0"
    minimatch: "npm:^7.4.1"
    minipass: "npm:^4.2.4"
    path-scurry: "npm:^1.6.1"
  checksum: 8b9de2d699a39523d5d6d38f7382080ec293b6a347a3444c5bc2b78528874c65ce295aefcce1e9604e7508e27bce07846ecfa49ddfc7ece801f8e95638947aa5
  languageName: node
  linkType: hard

"lru-cache@npm:^7.14.1":
  version: 7.18.3
  resolution: "lru-cache@npm:7.18.3"
  checksum: 884c7cb51963cc45bc0d864c704d141c904c93db1bbc236be0eed759e35fc44b5e794a34b0666e193926e5a4320b66e787b1cf531f4f89ed8514a97156f07cb1
  languageName: node
  linkType: hard

"minimatch@npm:^7.4.1":
  version: 7.4.3
  resolution: "minimatch@npm:7.4.3"
  dependencies:
    brace-expansion: "npm:^2.0.1"
  checksum: b35263bd269e7f449e509a70f3027d9b23aee278a85bb259aeb30871729138ef9d48c4ac9a96515af656396295576c47013b69b09e119c97a6dfa1d41a8e424a
  languageName: node
  linkType: hard

"minipass@npm:^4.0.2, minipass@npm:^4.2.4":
  version: 4.2.5
  resolution: "minipass@npm:4.2.5"
  checksum: 9663cd373005095bc6b9f1c779e6beef3269e171a4049c2c6532ae430dea93647bfa6cf4fab43fc908f9e8ad333a3dbaadca20c15eb4ba9b697c764b7be90d65
  languageName: node
  linkType: hard

"path-scurry@npm:^1.6.1":
  version: 1.6.3
  resolution: "path-scurry@npm:1.6.3"
  dependencies:
    lru-cache: "npm:^7.14.1"
    minipass: "npm:^4.0.2"
  checksum: d47856b45f3e612d482614de40507dae60700e7e9b99937a7e6157afedf1eaa16169dbe8ba03dfbed6e76f45223d868992bf89f52f558736f102f0ce146d827b
  languageName: node
  linkType: hard

"rimraf@npm:^4.4.1":
  version: 4.4.1
  resolution: "rimraf@npm:4.4.1"
  dependencies:
    glob: "npm:^9.2.0"
  bin:
    rimraf: dist/cjs/src/bin.js
  checksum: 1dcc3cb6a13a806fc276996d2e0d20abae62a96f2a663a79e3e30be711a23da29f814a322412827b5b6e58b535382096cbaf261cbd2f7790c5a37e6ea31150dd
  languageName: node
  linkType: hard

"typescript@npm:^5.0.2":
  version: 5.0.2
  resolution: "typescript@npm:5.0.2"
  bin:
    tsc: bin/tsc
    tsserver: bin/tsserver
  checksum: a305d149166e376acb51bcd1bab9f2ab55c5bd52d0b43f0e49b58ea5cf085cd7c0a3d38ea58f3991aa7b04c97907b6c17c8611334d7f0e54db3d31d7897d9661
  languageName: node
  linkType: hard

"typescript@patch:typescript@npm%3A^5.0.2#optional!builtin<compat/typescript>":
  version: 5.0.2
  resolution: "typescript@patch:typescript@npm%3A5.0.2#optional!builtin<compat/typescript>::version=5.0.2&hash=b5f058"
  bin:
    tsc: bin/tsc
    tsserver: bin/tsserver
  checksum: 99fed54ef1fa7a2d1c235d3f6e23212f18542cf5ab09e1a9e285a4a97d9f050d6919715cd79107e295de833adf808134576a829b3400f88ffd48415730d90742
  languageName: node
  linkType: hard
